
Microsoft Visual Studio Solution File, Format Version 12.00
# Visual Studio Version 16
VisualStudioVersion = 16.0.30621.155
MinimumVisualStudioVersion = 10.0.40219.1
Project("{9A19103F-16F7-4668-BE54-9A1E7A4F7556}") = "ToDoJob.Entities", "ToDoJob.Entities\ToDoJob.Entities.csproj", "{5EDF7CFE-16A9-4A6D-BB55-5FD3CFF3F885}"
EndProject
Project("{9A19103F-16F7-4668-BE54-9A1E7A4F7556}") = "ToDoJob.DataAccess", "ToDoJob.DataAccess\ToDoJob.DataAccess.csproj", "{E8400F8B-0C16-4E75-9299-6C5411518050}"
EndProject
Project("{9A19103F-16F7-4668-BE54-9A1E7A4F7556}") = "ToDoJob.Business", "ToDoJob.Business\ToDoJob.Business.csproj", "{2BFB5E99-F692-490E-A85C-EC499AC08051}"
EndProject
Project("{9A19103F-16F7-4668-BE54-9A1E7A4F7556}") = "ToDoJob.Web", "ToDoJob.Web\ToDoJob.Web.csproj", "{CE52A4D7-D4FF-4378-9BBF-59731A6087F4}"
EndProject
Project("{FAE04EC0-301F-11D3-BF4B-00C04F79EFBC}") = "ToDoJob.DTO", "ToDoJob.DTO\ToDoJob.DTO.csproj", "{BD54F17A-AF9D-4C52-A877-AE1EFF2F1E26}"
EndProject
Global
	GlobalSection(SolutionConfigurationPlatforms) = preSolution
		Debug|Any CPU = Debug|Any CPU
		Release|Any CPU = Release|Any CPU
	EndGlobalSection
	GlobalSection(ProjectConfigurationPlatforms) = postSolution
		{5EDF7CFE-16A9-4A6D-BB55-5FD3CFF3F885}.Debug|Any CPU.ActiveCfg = Debug|Any CPU
		{5EDF7CFE-16A9-4A6D-BB55-5FD3CFF3F885}.Debug|Any CPU.Build.0 = Debug|Any CPU
		{5EDF7CFE-16A9-4A6D-BB55-5FD3CFF3F885}.Release|Any CPU.ActiveCfg = Release|Any CPU
		{5EDF7CFE-16A9-4A6D-BB55-5FD3CFF3F885}.Release|Any CPU.Build.0 = Release|Any CPU
		{E8400F8B-0C16-4E75-9299-6C5411518050}.Debug|Any CPU.ActiveCfg = Debug|Any CPU
		{E8400F8B-0C16-4E75-9299-6C5411518050}.Debug|Any CPU.Build.0 = Debug|Any CPU
		{E8400F8B-0C16-4E75-9299-6C5411518050}.Release|Any CPU.ActiveCfg = Release|Any CPU
		{E8400F8B-0C16-4E75-9299-6C5411518050}.Release|Any CPU.Build.0 = Release|Any CPU
		{2BFB5E99-F692-490E-A85C-EC499AC08051}.Debug|Any CPU.ActiveCfg = Debug|Any CPU
		{2BFB5E99-F692-490E-A85C-EC499AC08051}.Debug|Any CPU.Build.0 = Debug|Any CPU
		{2BFB5E99-F692-490E-A85C-EC499AC08051}.Release|Any CPU.ActiveCfg = Release|Any CPU
		{2BFB5E99-F692-490E-A85C-EC499AC08051}.Release|Any CPU.Build.0 = Release|Any CPU
		{CE52A4D7-D4FF-4378-9BBF-59731A6087F4}.Debug|Any CPU.ActiveCfg = Debug|Any CPU
		{CE52A4D7-D4FF-4378-9BBF-59731A6087F4}.Debug|Any CPU.Build.0 = Debug|Any CPU
		{CE52A4D7-D4FF-4378-9BBF-59731A6087F4}.Release|Any CPU.ActiveCfg = Release|Any CPU
		{CE52A4D7-D4FF-4378-9BBF-59731A6087F4}.Release|Any CPU.Build.0 = Release|Any CPU
		{BD54F17A-AF9D-4C52-A877-AE1EFF2F1E26}.Debug|Any CPU.ActiveCfg = Debug|Any CPU
		{BD54F17A-AF9D-4C52-A877-AE1EFF2F1E26}.Debug|Any CPU.Build.0 = Debug|Any CPU
		{BD54F17A-AF9D-4C52-A877-AE1EFF2F1E26}.Release|Any CPU.ActiveCfg = Release|Any CPU
		{BD54F17A-AF9D-4C52-A877-AE1EFF2F1E26}.Release|Any CPU.Build.0 = Release|Any CPU
	EndGlobalSection
	GlobalSection(SolutionProperties) = preSolution
		HideSolutionNode = FALSE
	EndGlobalSection
	GlobalSection(ExtensibilityGlobals) = postSolution
		SolutionGuid = {8172AC5E-899E-42E3-ACD9-F09B635C8DE7}
	EndGlobalSection
EndGlobal
